{
  "name": "500-templatez",
  "version": "1.0.12",
  "lockfileVersion": 3,
  "requires": true,
  "packages": {
    "": {
      "name": "500-templatez",
      "version": "1.0.12",
      "license": "ISC",
      "dependencies": {
        "biz9-scriptz": "github:biz9framework/biz9-scriptz"
      }
    },
    "node_modules/biz9-scriptz": {
      "version": "5.8.49",
      "resolved": "git+ssh://git@github.com/biz9framework/biz9-scriptz.git#98fda30d8a5663dc1c7a049e95d556518066289c",
      "dependencies": {
        "biz9-scriptz": "github:biz9framework/biz9-scriptz"
      }
    }
  }
}
